
Microsoft Visual Studio Solution File, Format Version 12.00
# Visual Studio Version 16
VisualStudioVersion = 16.0.29123.88
MinimumVisualStudioVersion = 10.0.40219.1
Project("{FAE04EC0-301F-11D3-BF4B-00C04F79EFBC}") = "SubscribeUsers", "SubscribeUsers.csproj", "{6B5661CD-CA1F-4374-9B92-9B54C90D1A0A}"
EndProject
Global
	GlobalSection(SolutionConfigurationPlatforms) = preSolution
		Debug|Any CPU = Debug|Any CPU
		Release|Any CPU = Release|Any CPU
	EndGlobalSection
	GlobalSection(ProjectConfigurationPlatforms) = postSolution
		{6B5661CD-CA1F-4374-9B92-9B54C90D1A0A}.Debug|Any CPU.ActiveCfg = Debug|Any CPU
		{6B5661CD-CA1F-4374-9B92-9B54C90D1A0A}.Debug|Any CPU.Build.0 = Debug|Any CPU
		{6B5661CD-CA1F-4374-9B92-9B54C90D1A0A}.Release|Any CPU.ActiveCfg = Release|Any CPU
		{6B5661CD-CA1F-4374-9B92-9B54C90D1A0A}.Release|Any CPU.Build.0 = Release|Any CPU
	EndGlobalSection
	GlobalSection(SolutionProperties) = preSolution
		HideSolutionNode = FALSE
	EndGlobalSection
	GlobalSection(ExtensibilityGlobals) = postSolution
		SolutionGuid = {8E7699F2-7938-4C7C-928C-C8A79F961A65}
	EndGlobalSection
EndGlobal
